{
  "nodes": {
    "ags": {
      "inputs": {
        "nixpkgs": "nixpkgs"
      },
      "locked": {
        "lastModified": 1709084243,
        "narHash": "sha256-qYqxP8k2JSdN+0TyPTxhFx1TS/kxlS7CsOzKBc752/A=",
        "owner": "Aylur",
        "repo": "ags",
        "rev": "f905abfd2210701929ffaa3db13faa783b782765",
        "type": "github"
      },
      "original": {
        "owner": "Aylur",
        "repo": "ags",
        "type": "github"
      }
    },
    "home-manager": {
      "inputs": {
        "nixpkgs": [
          "nixpkgs"
        ]
      },
      "locked": {
        "lastModified": 1708988456,
        "narHash": "sha256-RCz7Xe64tN2zgWk+MVHkzg224znwqknJ1RnB7rVqUWw=",
        "owner": "nix-community",
        "repo": "home-manager",
        "rev": "1d085ea4444d26aa52297758b333b449b2aa6fca",
        "type": "github"
      },
      "original": {
        "owner": "nix-community",
        "repo": "home-manager",
        "type": "github"
      }
    },
    "nixpkgs": {
      "locked": {
        "lastModified": 1708475490,
        "narHash": "sha256-g1v0TsWBQPX97ziznfJdWhgMyMGtoBFs102xSYO4syU=",
        "owner": "NixOS",
        "repo": "nixpkgs",
        "rev": "0e74ca98a74bc7270d28838369593635a5db3260",
        "type": "github"
      },
      "original": {
        "owner": "NixOS",
        "ref": "nixos-unstable",
        "repo": "nixpkgs",
        "type": "github"
      }
    },
    "nixpkgs_2": {
      "locked": {
        "lastModified": 1709128929,
        "narHash": "sha256-GWrv9a+AgGhG4/eI/CyVVIIygia7cEy68Huv3P8oyaw=",
        "owner": "nixos",
        "repo": "nixpkgs",
        "rev": "c8e74c2f83fe12b4e5a8bd1abbc090575b0f7611",
        "type": "github"
      },
      "original": {
        "owner": "nixos",
        "ref": "nixos-23.11",
        "repo": "nixpkgs",
        "type": "github"
      }
    },
    "root": {
      "inputs": {
        "ags": "ags",
        "home-manager": "home-manager",
        "nixpkgs": "nixpkgs_2",
        "unstable": "unstable"
      }
    },
    "unstable": {
      "locked": {
        "lastModified": 1709150264,
        "narHash": "sha256-HofykKuisObPUfj0E9CJVfaMhawXkYx3G8UIFR/XQ38=",
        "owner": "nixos",
        "repo": "nixpkgs",
        "rev": "9099616b93301d5cf84274b184a3a5ec69e94e08",
        "type": "github"
      },
      "original": {
        "owner": "nixos",
        "ref": "nixos-unstable",
        "repo": "nixpkgs",
        "type": "github"
      }
    }
  },
  "root": "root",
  "version": 7
}
